// !$*UTF8*$!
{
	archiveVersion = 1;
	classes = {
	};
	objectVersion = 77;
	objects = {

/* Begin PBXBuildFile section */
		D51BE9C22D8973AC008C1C5D /* FirebaseAuth in Frameworks */ = {isa = PBXBuildFile; productRef = D51BE9C12D8973AC008C1C5D /* FirebaseAuth */; };
		D51BE9C42D8973B4008C1C5D /* FirebaseCore in Frameworks */ = {isa = PBXBuildFile; productRef = D51BE9C32D8973B4008C1C5D /* FirebaseCore */; };
		D51BE9C62D8973BC008C1C5D /* FirebaseStorage in Frameworks */ = {isa = PBXBuildFile; productRef = D51BE9C52D8973BC008C1C5D /* FirebaseStorage */; };
		D51BE9C82D8973BC008C1C5D /* FirebaseStorageCombine-Community in Frameworks */ = {isa = PBXBuildFile; productRef = D51BE9C72D8973BC008C1C5D /* FirebaseStorageCombine-Community */; };
		D51BE9D62D899443008C1C5D /* GoogleSignIn in Frameworks */ = {isa = PBXBuildFile; productRef = D51BE9D52D899443008C1C5D /* GoogleSignIn */; };
		D51BE9D82D899443008C1C5D /* GoogleSignInSwift in Frameworks */ = {isa = PBXBuildFile; productRef = D51BE9D72D899443008C1C5D /* GoogleSignInSwift */; };
/* End PBXBuildFile section */

/* Begin PBXFileReference section */
		D51BE9772D893963008C1C5D /* NavruzHackaton.app */ = {isa = PBXFileReference; explicitFileType = wrapper.application; includeInIndex = 0; path = NavruzHackaton.app; sourceTree = BUILT_PRODUCTS_DIR; };
/* End PBXFileReference section */

/* Begin PBXFileSystemSynchronizedBuildFileExceptionSet section */
		D51BE9CA2D89755B008C1C5D /* Exceptions for "NavruzHackaton" folder in "NavruzHackaton" target */ = {
			isa = PBXFileSystemSynchronizedBuildFileExceptionSet;
			membershipExceptions = (
				Info.plist,
			);
			target = D51BE9762D893962008C1C5D /* NavruzHackaton */;
		};
/* End PBXFileSystemSynchronizedBuildFileExceptionSet section */

/* Begin PBXFileSystemSynchronizedRootGroup section */
		D51BE9792D893963008C1C5D /* NavruzHackaton */ = {
			isa = PBXFileSystemSynchronizedRootGroup;
			exceptions = (
				D51BE9CA2D89755B008C1C5D /* Exceptions for "NavruzHackaton" folder in "NavruzHackaton" target */,
			);
			path = NavruzHackaton;
			sourceTree = "<group>";
		};
/* End PBXFileSystemSynchronizedRootGroup section */

/* Begin PBXFrameworksBuildPhase section */
		D51BE9742D893962008C1C5D /* Frameworks */ = {
			isa = PBXFrameworksBuildPhase;
			buildActionMask = 2147483647;
			files = (
				D51BE9D62D899443008C1C5D /* GoogleSignIn in Frameworks */,
				D51BE9C42D8973B4008C1C5D /* FirebaseCore in Frameworks */,
				D51BE9C22D8973AC008C1C5D /* FirebaseAuth in Frameworks */,
				D51BE9D82D899443008C1C5D /* GoogleSignInSwift in Frameworks */,
				D51BE9C82D8973BC008C1C5D /* FirebaseStorageCombine-Community in Frameworks */,
				D51BE9C62D8973BC008C1C5D /* FirebaseStorage in Frameworks */,
			);
			runOnlyForDeploymentPostprocessing = 0;
		};
/* End PBXFrameworksBuildPhase section */

/* Begin PBXGroup section */
		D51BE96E2D893962008C1C5D = {
			isa = PBXGroup;
			children = (
				D51BE9792D893963008C1C5D /* NavruzHackaton */,
				D51BE9C02D8973AC008C1C5D /* Frameworks */,
				D51BE9782D893963008C1C5D /* Products */,
			);
			sourceTree = "<group>";
		};
		D51BE9782D893963008C1C5D /* Products */ = {
			isa = PBXGroup;
			children = (
				D51BE9772D893963008C1C5D /* NavruzHackaton.app */,
			);
			name = Products;
			sourceTree = "<group>";
		};
		D51BE9C02D8973AC008C1C5D /* Frameworks */ = {
			isa = PBXGroup;
			children = (
			);
			name = Frameworks;
			sourceTree = "<group>";
		};
/* End PBXGroup section */

/* Begin PBXNativeTarget section */
		D51BE9762D893962008C1C5D /* NavruzHackaton */ = {
			isa = PBXNativeTarget;
			buildConfigurationList = D51BE9852D893963008C1C5D /* Build configuration list for PBXNativeTarget "NavruzHackaton" */;
			buildPhases = (
				D51BE9732D893962008C1C5D /* Sources */,
				D51BE9742D893962008C1C5D /* Frameworks */,
				D51BE9752D893962008C1C5D /* Resources */,
			);
			buildRules = (
			);
			dependencies = (
			);
			fileSystemSynchronizedGroups = (
				D51BE9792D893963008C1C5D /* NavruzHackaton */,
			);
			name = NavruzHackaton;
			packageProductDependencies = (
				D51BE9C12D8973AC008C1C5D /* FirebaseAuth */,
				D51BE9C32D8973B4008C1C5D /* FirebaseCore */,
				D51BE9C52D8973BC008C1C5D /* FirebaseStorage */,
				D51BE9C72D8973BC008C1C5D /* FirebaseStorageCombine-Community */,
				D51BE9D52D899443008C1C5D /* GoogleSignIn */,
				D51BE9D72D899443008C1C5D /* GoogleSignInSwift */,
			);
			productName = NavruzHackaton;
			productReference = D51BE9772D893963008C1C5D /* NavruzHackaton.app */;
			productType = "com.apple.product-type.application";
		};
/* End PBXNativeTarget section */

/* Begin PBXProject section */
		D51BE96F2D893962008C1C5D /* Project object */ = {
			isa = PBXProject;
			attributes = {
				BuildIndependentTargetsInParallel = 1;
				LastSwiftUpdateCheck = 1620;
				LastUpgradeCheck = 1620;
				TargetAttributes = {
					D51BE9762D893962008C1C5D = {
						CreatedOnToolsVersion = 16.2;
					};
				};
			};
			buildConfigurationList = D51BE9722D893962008C1C5D /* Build configuration list for PBXProject "NavruzHackaton" */;
			developmentRegion = en;
			hasScannedForEncodings = 0;
			knownRegions = (
				en,
				Base,
			);
			mainGroup = D51BE96E2D893962008C1C5D;
			minimizedProjectReferenceProxies = 1;
			packageReferences = (
				D51BE9BF2D89733E008C1C5D /* XCRemoteSwiftPackageReference "firebase-ios-sdk" */,
				D51BE9D42D899443008C1C5D /* XCRemoteSwiftPackageReference "GoogleSignIn-iOS" */,
			);
			preferredProjectObjectVersion = 77;
			productRefGroup = D51BE9782D893963008C1C5D /* Products */;
			projectDirPath = "";
			projectRoot = "";
			targets = (
				D51BE9762D893962008C1C5D /* NavruzHackaton */,
			);
		};
/* End PBXProject section */

/* Begin PBXResourcesBuildPhase section */
		D51BE9752D893962008C1C5D /* Resources */ = {
			isa = PBXResourcesBuildPhase;
			buildActionMask = 2147483647;
			files = (
			);
			runOnlyForDeploymentPostprocessing = 0;
		};
/* End PBXResourcesBuildPhase section */

/* Begin PBXSourcesBuildPhase section */
		D51BE9732D893962008C1C5D /* Sources */ = {
			isa = PBXSourcesBuildPhase;
			buildActionMask = 2147483647;
			files = (
			);
			runOnlyForDeploymentPostprocessing = 0;
		};
/* End PBXSourcesBuildPhase section */

/* Begin XCBuildConfiguration section */
		D51BE9832D893963008C1C5D /* Debug */ = {
			isa = XCBuildConfiguration;
			buildSettings = {
				ALWAYS_SEARCH_USER_PATHS = NO;
				ASSETCATALOG_COMPILER_GENERATE_SWIFT_ASSET_SYMBOL_EXTENSIONS = YES;
				CLANG_ANALYZER_NONNULL = YES;
				CLANG_ANALYZER_NUMBER_OBJECT_CONVERSION = YES_AGGRESSIVE;
				CLANG_CXX_LANGUAGE_STANDARD = "gnu++20";
				CLANG_ENABLE_MODULES = YES;
				CLANG_ENABLE_OBJC_ARC = YES;
				CLANG_ENABLE_OBJC_WEAK = YES;
				CLANG_WARN_BLOCK_CAPTURE_AUTORELEASING = YES;
				CLANG_WARN_BOOL_CONVERSION = YES;
				CLANG_WARN_COMMA = YES;
				CLANG_WARN_CONSTANT_CONVERSION = YES;
				CLANG_WARN_DEPRECATED_OBJC_IMPLEMENTATIONS = YES;
				CLANG_WARN_DIRECT_OBJC_ISA_USAGE = YES_ERROR;
				CLANG_WARN_DOCUMENTATION_COMMENTS = YES;
				CLANG_WARN_EMPTY_BODY = YES;
				CLANG_WARN_ENUM_CONVERSION = YES;
				CLANG_WARN_INFINITE_RECURSION = YES;
				CLANG_WARN_INT_CONVERSION = YES;
				CLANG_WARN_NON_LITERAL_NULL_CONVERSION = YES;
				CLANG_WARN_OBJC_IMPLICIT_RETAIN_SELF = YES;
				CLANG_WARN_OBJC_LITERAL_CONVERSION = YES;
				CLANG_WARN_OBJC_ROOT_CLASS = YES_ERROR;
				CLANG_WARN_QUOTED_INCLUDE_IN_FRAMEWORK_HEADER = YES;
				CLANG_WARN_RANGE_LOOP_ANALYSIS = YES;
				CLANG_WARN_STRICT_PROTOTYPES = YES;
				CLANG_WARN_SUSPICIOUS_MOVE = YES;
				CLANG_WARN_UNGUARDED_AVAILABILITY = YES_AGGRESSIVE;
				CLANG_WARN_UNREACHABLE_CODE = YES;
				CLANG_WARN__DUPLICATE_METHOD_MATCH = YES;
				COPY_PHASE_STRIP = NO;
				DEBUG_INFORMATION_FORMAT = dwarf;
				ENABLE_STRICT_OBJC_MSGSEND = YES;
				ENABLE_TESTABILITY = YES;
				ENABLE_USER_SCRIPT_SANDBOXING = YES;
				GCC_C_LANGUAGE_STANDARD = gnu17;
				GCC_DYNAMIC_NO_PIC = NO;
				GCC_NO_COMMON_BLOCKS = YES;
				GCC_OPTIMIZATION_LEVEL = 0;
				GCC_PREPROCESSOR_DEFINITIONS = (
					"DEBUG=1",
					"$(inherited)",
				);
				GCC_WARN_64_TO_32_BIT_CONVERSION = YES;
				GCC_WARN_ABOUT_RETURN_TYPE = YES_ERROR;
				GCC_WARN_UNDECLARED_SELECTOR = YES;
				GCC_WARN_UNINITIALIZED_AUTOS = YES_AGGRESSIVE;
				GCC_WARN_UNUSED_FUNCTION = YES;
				GCC_WARN_UNUSED_VARIABLE = YES;
				IPHONEOS_DEPLOYMENT_TARGET = 18.2;
				LOCALIZATION_PREFERS_STRING_CATALOGS = YES;
				MTL_ENABLE_DEBUG_INFO = INCLUDE_SOURCE;
				MTL_FAST_MATH = YES;
				ONLY_ACTIVE_ARCH = YES;
				SDKROOT = iphoneos;
				SWIFT_ACTIVE_COMPILATION_CONDITIONS = "DEBUG $(inherited)";
				SWIFT_OPTIMIZATION_LEVEL = "-Onone";
			};
			name = Debug;
		};
		D51BE9842D893963008C1C5D /* Release */ = {
			isa = XCBuildConfiguration;
			buildSettings = {
				ALWAYS_SEARCH_USER_PATHS = NO;
				ASSETCATALOG_COMPILER_GENERATE_SWIFT_ASSET_SYMBOL_EXTENSIONS = YES;
				CLANG_ANALYZER_NONNULL = YES;
				CLANG_ANALYZER_NUMBER_OBJECT_CONVERSION = YES_AGGRESSIVE;
				CLANG_CXX_LANGUAGE_STANDARD = "gnu++20";
				CLANG_ENABLE_MODULES = YES;
				CLANG_ENABLE_OBJC_ARC = YES;
				CLANG_ENABLE_OBJC_WEAK = YES;
				CLANG_WARN_BLOCK_CAPTURE_AUTORELEASING = YES;
				CLANG_WARN_BOOL_CONVERSION = YES;
				CLANG_WARN_COMMA = YES;
				CLANG_WARN_CONSTANT_CONVERSION = YES;
				CLANG_WARN_DEPRECATED_OBJC_IMPLEMENTATIONS = YES;
				CLANG_WARN_DIRECT_OBJC_ISA_USAGE = YES_ERROR;
				CLANG_WARN_DOCUMENTATION_COMMENTS = YES;
				CLANG_WARN_EMPTY_BODY = YES;
				CLANG_WARN_ENUM_CONVERSION = YES;
				CLANG_WARN_INFINITE_RECURSION = YES;
				CLANG_WARN_INT_CONVERSION = YES;
				CLANG_WARN_NON_LITERAL_NULL_CONVERSION = YES;
				CLANG_WARN_OBJC_IMPLICIT_RETAIN_SELF = YES;
				CLANG_WARN_OBJC_LITERAL_CONVERSION = YES;
				CLANG_WARN_OBJC_ROOT_CLASS = YES_ERROR;
				CLANG_WARN_QUOTED_INCLUDE_IN_FRAMEWORK_HEADER = YES;
				CLANG_WARN_RANGE_LOOP_ANALYSIS = YES;
				CLANG_WARN_STRICT_PROTOTYPES = YES;
				CLANG_WARN_SUSPICIOUS_MOVE = YES;
				CLANG_WARN_UNGUARDED_AVAILABILITY = YES_AGGRESSIVE;
				CLANG_WARN_UNREACHABLE_CODE = YES;
				CLANG_WARN__DUPLICATE_METHOD_MATCH = YES;
				COPY_PHASE_STRIP = NO;
				DEBUG_INFORMATION_FORMAT = "dwarf-with-dsym";
				ENABLE_NS_ASSERTIONS = NO;
				ENABLE_STRICT_OBJC_MSGSEND = YES;
				ENABLE_USER_SCRIPT_SANDBOXING = YES;
				GCC_C_LANGUAGE_STANDARD = gnu17;
				GCC_NO_COMMON_BLOCKS = YES;
				GCC_WARN_64_TO_32_BIT_CONVERSION = YES;
				GCC_WARN_ABOUT_RETURN_TYPE = YES_ERROR;
				GCC_WARN_UNDECLARED_SELECTOR = YES;
				GCC_WARN_UNINITIALIZED_AUTOS = YES_AGGRESSIVE;
				GCC_WARN_UNUSED_FUNCTION = YES;
				GCC_WARN_UNUSED_VARIABLE = YES;
				IPHONEOS_DEPLOYMENT_TARGET = 18.2;
				LOCALIZATION_PREFERS_STRING_CATALOGS = YES;
				MTL_ENABLE_DEBUG_INFO = NO;
				MTL_FAST_MATH = YES;
				SDKROOT = iphoneos;
				SWIFT_COMPILATION_MODE = wholemodule;
				VALIDATE_PRODUCT = YES;
			};
			name = Release;
		};
		D51BE9862D893963008C1C5D /* Debug */ = {
			isa = XCBuildConfiguration;
			buildSettings = {
				ASSETCATALOG_COMPILER_APPICON_NAME = AppIcon;
				ASSETCATALOG_COMPILER_GLOBAL_ACCENT_COLOR_NAME = AccentColor;
				CODE_SIGN_STYLE = Automatic;
				CURRENT_PROJECT_VERSION = 1;
				DEVELOPMENT_ASSET_PATHS = "\"NavruzHackaton/Preview Content\"";
				DEVELOPMENT_TEAM = W5DTPZ2Q9H;
				ENABLE_PREVIEWS = YES;
				GENERATE_INFOPLIST_FILE = YES;
				INFOPLIST_FILE = NavruzHackaton/Info.plist;
				INFOPLIST_KEY_CFBundleDisplayName = GoGreen;
				INFOPLIST_KEY_NSLocationAlwaysAndWhenInUseUsageDescription = "The app requests Always authorization.";
				INFOPLIST_KEY_NSLocationWhenInUseUsageDescription = "The app requests When in Use or Always authorization.";
				INFOPLIST_KEY_UIApplicationSceneManifest_Generation = YES;
				INFOPLIST_KEY_UIApplicationSupportsIndirectInputEvents = YES;
				INFOPLIST_KEY_UILaunchScreen_Generation = YES;
				INFOPLIST_KEY_UISupportedInterfaceOrientations = UIInterfaceOrientationPortrait;
				INFOPLIST_KEY_UISupportedInterfaceOrientations_iPad = "UIInterfaceOrientationLandscapeLeft UIInterfaceOrientationLandscapeRight UIInterfaceOrientationPortrait UIInterfaceOrientationPortraitUpsideDown";
				IPHONEOS_DEPLOYMENT_TARGET = 17.0;
				LD_RUNPATH_SEARCH_PATHS = (
					"$(inherited)",
					"@executable_path/Frameworks",
				);
				MARKETING_VERSION = 1.0;
				PRODUCT_BUNDLE_IDENTIFIER = com.madaminov0888.NavruzHackaton;
				PRODUCT_NAME = "$(TARGET_NAME)";
				SUPPORTED_PLATFORMS = "iphoneos iphonesimulator";
				SUPPORTS_MACCATALYST = NO;
				SUPPORTS_XR_DESIGNED_FOR_IPHONE_IPAD = NO;
				SWIFT_EMIT_LOC_STRINGS = YES;
				SWIFT_VERSION = 5.0;
				TARGETED_DEVICE_FAMILY = 1;
			};
			name = Debug;
		};
		D51BE9872D893963008C1C5D /* Release */ = {
			isa = XCBuildConfiguration;
			buildSettings = {
				ASSETCATALOG_COMPILER_APPICON_NAME = AppIcon;
				ASSETCATALOG_COMPILER_GLOBAL_ACCENT_COLOR_NAME = AccentColor;
				CODE_SIGN_STYLE = Automatic;
				CURRENT_PROJECT_VERSION = 1;
				DEVELOPMENT_ASSET_PATHS = "\"NavruzHackaton/Preview Content\"";
				DEVELOPMENT_TEAM = W5DTPZ2Q9H;
				ENABLE_PREVIEWS = YES;
				GENERATE_INFOPLIST_FILE = YES;
				INFOPLIST_FILE = NavruzHackaton/Info.plist;
				INFOPLIST_KEY_CFBundleDisplayName = GoGreen;
				INFOPLIST_KEY_NSLocationAlwaysAndWhenInUseUsageDescription = "The app requests Always authorization.";
				INFOPLIST_KEY_NSLocationWhenInUseUsageDescription = "The app requests When in Use or Always authorization.";
				INFOPLIST_KEY_UIApplicationSceneManifest_Generation = YES;
				INFOPLIST_KEY_UIApplicationSupportsIndirectInputEvents = YES;
				INFOPLIST_KEY_UILaunchScreen_Generation = YES;
				INFOPLIST_KEY_UISupportedInterfaceOrientations = UIInterfaceOrientationPortrait;
				INFOPLIST_KEY_UISupportedInterfaceOrientations_iPad = "UIInterfaceOrientationLandscapeLeft UIInterfaceOrientationLandscapeRight UIInterfaceOrientationPortrait UIInterfaceOrientationPortraitUpsideDown";
				IPHONEOS_DEPLOYMENT_TARGET = 17.0;
				LD_RUNPATH_SEARCH_PATHS = (
					"$(inherited)",
					"@executable_path/Frameworks",
				);
				MARKETING_VERSION = 1.0;
				PRODUCT_BUNDLE_IDENTIFIER = com.madaminov0888.NavruzHackaton;
				PRODUCT_NAME = "$(TARGET_NAME)";
				SUPPORTED_PLATFORMS = "iphoneos iphonesimulator";
				SUPPORTS_MACCATALYST = NO;
				SUPPORTS_XR_DESIGNED_FOR_IPHONE_IPAD = NO;
				SWIFT_EMIT_LOC_STRINGS = YES;
				SWIFT_VERSION = 5.0;
				TARGETED_DEVICE_FAMILY = 1;
			};
			name = Release;
		};
/* End XCBuildConfiguration section */

/* Begin XCConfigurationList section */
		D51BE9722D893962008C1C5D /* Build configuration list for PBXProject "NavruzHackaton" */ = {
			isa = XCConfigurationList;
			buildConfigurations = (
				D51BE9832D893963008C1C5D /* Debug */,
				D51BE9842D893963008C1C5D /* Release */,
			);
			defaultConfigurationIsVisible = 0;
			defaultConfigurationName = Release;
		};
		D51BE9852D893963008C1C5D /* Build configuration list for PBXNativeTarget "NavruzHackaton" */ = {
			isa = XCConfigurationList;
			buildConfigurations = (
				D51BE9862D893963008C1C5D /* Debug */,
				D51BE9872D893963008C1C5D /* Release */,
			);
			defaultConfigurationIsVisible = 0;
			defaultConfigurationName = Release;
		};
/* End XCConfigurationList section */

/* Begin XCRemoteSwiftPackageReference section */
		D51BE9BF2D89733E008C1C5D /* XCRemoteSwiftPackageReference "firebase-ios-sdk" */ = {
			isa = XCRemoteSwiftPackageReference;
			repositoryURL = "https://github.com/firebase/firebase-ios-sdk";
			requirement = {
				kind = upToNextMajorVersion;
				minimumVersion = 11.10.0;
			};
		};
		D51BE9D42D899443008C1C5D /* XCRemoteSwiftPackageReference "GoogleSignIn-iOS" */ = {
			isa = XCRemoteSwiftPackageReference;
			repositoryURL = "https://github.com/google/GoogleSignIn-iOS.git";
			requirement = {
				kind = upToNextMajorVersion;
				minimumVersion = 8.0.0;
			};
		};
/* End XCRemoteSwiftPackageReference section */

/* Begin XCSwiftPackageProductDependency section */
		D51BE9C12D8973AC008C1C5D /* FirebaseAuth */ = {
			isa = XCSwiftPackageProductDependency;
			package = D51BE9BF2D89733E008C1C5D /* XCRemoteSwiftPackageReference "firebase-ios-sdk" */;
			productName = FirebaseAuth;
		};
		D51BE9C32D8973B4008C1C5D /* FirebaseCore */ = {
			isa = XCSwiftPackageProductDependency;
			package = D51BE9BF2D89733E008C1C5D /* XCRemoteSwiftPackageReference "firebase-ios-sdk" */;
			productName = FirebaseCore;
		};
		D51BE9C52D8973BC008C1C5D /* FirebaseStorage */ = {
			isa = XCSwiftPackageProductDependency;
			package = D51BE9BF2D89733E008C1C5D /* XCRemoteSwiftPackageReference "firebase-ios-sdk" */;
			productName = FirebaseStorage;
		};
		D51BE9C72D8973BC008C1C5D /* FirebaseStorageCombine-Community */ = {
			isa = XCSwiftPackageProductDependency;
			package = D51BE9BF2D89733E008C1C5D /* XCRemoteSwiftPackageReference "firebase-ios-sdk" */;
			productName = "FirebaseStorageCombine-Community";
		};
		D51BE9D52D899443008C1C5D /* GoogleSignIn */ = {
			isa = XCSwiftPackageProductDependency;
			package = D51BE9D42D899443008C1C5D /* XCRemoteSwiftPackageReference "GoogleSignIn-iOS" */;
			productName = GoogleSignIn;
		};
		D51BE9D72D899443008C1C5D /* GoogleSignInSwift */ = {
			isa = XCSwiftPackageProductDependency;
			package = D51BE9D42D899443008C1C5D /* XCRemoteSwiftPackageReference "GoogleSignIn-iOS" */;
			productName = GoogleSignInSwift;
		};
/* End XCSwiftPackageProductDependency section */
	};
	rootObject = D51BE96F2D893962008C1C5D /* Project object */;
}
